
Microsoft Visual Studio Solution File, Format Version 12.00
# Visual Studio 15
VisualStudioVersion = 15.0.26621.2
MinimumVisualStudioVersion = 10.0.40219.1
Project("{2150E333-8FDC-42A3-9474-1A3956D46DE8}") = "Documents", "Documents", "{663DC05D-FDC6-4EAB-AC4B-983D486B92B9}"
	ProjectSection(SolutionItems) = preProject
		appveyor.yml = appveyor.yml
		LICENSE.txt = LICENSE.txt
		README.md = README.md
	EndProjectSection
EndProject
Project("{2150E333-8FDC-42A3-9474-1A3956D46DE8}") = "Files", "Files", "{D6456F11-40CB-4E55-8761-FF2199A7004C}"
	ProjectSection(SolutionItems) = preProject
		analysisRules.ruleset = analysisRules.ruleset
		xunit.runner.json = xunit.runner.json
	EndProjectSection
EndProject
Project("{FAE04EC0-301F-11D3-BF4B-00C04F79EFBC}") = "Microsoft.Alm.Git", "Microsoft.Alm.Git\Microsoft.Alm.Git.csproj", "{19770407-5C58-406D-AB3F-3700BB0D06FE}"
EndProject
Project("{FAE04EC0-301F-11D3-BF4B-00C04F79EFBC}") = "Microsoft.Alm.Authentication", "Microsoft.Alm.Authentication\Microsoft.Alm.Authentication.csproj", "{19770407-B493-459D-BB4F-04FBEFB1BA13}"
EndProject
Project("{FAE04EC0-301F-11D3-BF4B-00C04F79EFBC}") = "Microsoft.Vsts.Authentication", "Microsoft.Vsts.Authentication\Microsoft.Vsts.Authentication.csproj", "{19770407-D7D8-4A37-914C-F552FF4B90D4}"
EndProject
Project("{FAE04EC0-301F-11D3-BF4B-00C04F79EFBC}") = "GitHub.Authentication", "GitHub.Authentication\GitHub.Authentication.csproj", "{CF306116-BBF0-4CC7-AFCE-A506AC4752CB}"
EndProject
Project("{FAE04EC0-301F-11D3-BF4B-00C04F79EFBC}") = "Bitbucket.Authentication", "Bitbucket.Authentication\Bitbucket.Authentication.csproj", "{EE663736-5BAD-4CA6-A4F8-99978925AD8A}"
EndProject
Project("{D954291E-2A0B-460D-934E-DC6B0785DB48}") = "Cli-Shared", "Cli-Shared\Cli-Shared.shproj", "{19770407-94D5-49D3-8ED1-C72637BA7D90}"
EndProject
Project("{FAE04EC0-301F-11D3-BF4B-00C04F79EFBC}") = "Cli-CredentialHelper", "Cli-CredentialHelper\Cli-CredentialHelper.csproj", "{19770407-63D4-40A8-A9DF-F1C4B473308A}"
EndProject
Project("{FAE04EC0-301F-11D3-BF4B-00C04F79EFBC}") = "Cli-Askpass", "Cli-AskPass\Cli-Askpass.csproj", "{19770407-B33A-4EBE-92B8-04C93F43CAE0}"
EndProject
Project("{FAE04EC0-301F-11D3-BF4B-00C04F79EFBC}") = "Microsoft.Alm.Git.Test", "Microsoft.Alm.Git.Test\Microsoft.Alm.Git.Test.csproj", "{19781214-0D26-436A-A8BB-32E58357B36D}"
EndProject
Project("{FAE04EC0-301F-11D3-BF4B-00C04F79EFBC}") = "Microsoft.Alm.Authentication.Test", "Microsoft.Alm.Authentication.Test\Microsoft.Alm.Authentication.Test.csproj", "{19781214-371F-415C-93C5-44CEAA0E9A34}"
EndProject
Project("{FAE04EC0-301F-11D3-BF4B-00C04F79EFBC}") = "Microsoft.Vsts.Authentication.Test", "Microsoft.Vsts.Authentication.Test\Microsoft.Vsts.Authentication.Test.csproj", "{19781214-5254-464A-BC69-FAC502046564}"
EndProject
Project("{FAE04EC0-301F-11D3-BF4B-00C04F79EFBC}") = "Bitbucket.Authentication.Test", "Bitbucket.Authentication.Test\Bitbucket.Authentication.Test.csproj", "{AECD6D57-F900-4D43-A01A-4AA3C68F39C2}"
EndProject
Project("{FAE04EC0-301F-11D3-BF4B-00C04F79EFBC}") = "Cli-CredentialHelper.Test", "Cli-CredentialHelper.Test\Cli-CredentialHelper.Test.csproj", "{19781214-AE6D-4DCC-BA9F-12CB0C6581AE}"
EndProject
Project("{D954291E-2A0B-460D-934E-DC6B0785DB48}") = "Gui-Shared", "Gui-Shared\Gui-Shared.shproj", "{4A4F5ADA-7166-4799-BC7C-D5882637CF7A}"
EndProject
Project("{FAE04EC0-301F-11D3-BF4B-00C04F79EFBC}") = "GitHub.Authentication.Test", "GitHub.Authentication.Test\GitHub.Authentication.Test.csproj", "{F24E0E80-8DDB-41D4-9F94-DCBC0CE81583}"
EndProject
Global
	GlobalSection(SharedMSBuildProjectFiles) = preSolution
		Cli-Shared\Cli-Shared.projitems*{19770407-63d4-40a8-a9df-f1c4b473308a}*SharedItemsImports = 4
		Cli-Shared\Cli-Shared.projitems*{19770407-94d5-49d3-8ed1-c72637ba7d90}*SharedItemsImports = 13
		Cli-Shared\Cli-Shared.projitems*{19770407-b33a-4ebe-92b8-04c93f43cae0}*SharedItemsImports = 4
		Gui-Shared\Gui-Shared.projitems*{4a4f5ada-7166-4799-bc7c-d5882637cf7a}*SharedItemsImports = 13
		Gui-Shared\Gui-Shared.projitems*{cf306116-bbf0-4cc7-afce-a506ac4752cb}*SharedItemsImports = 4
		Gui-Shared\Gui-Shared.projitems*{ee663736-5bad-4ca6-a4f8-99978925ad8a}*SharedItemsImports = 4
	EndGlobalSection
	GlobalSection(SolutionConfigurationPlatforms) = preSolution
		Debug|Any CPU = Debug|Any CPU
		Release|Any CPU = Release|Any CPU
	EndGlobalSection
	GlobalSection(ProjectConfigurationPlatforms) = postSolution
		{19770407-5C58-406D-AB3F-3700BB0D06FE}.Debug|Any CPU.ActiveCfg = Debug|Any CPU
		{19770407-5C58-406D-AB3F-3700BB0D06FE}.Debug|Any CPU.Build.0 = Debug|Any CPU
		{19770407-5C58-406D-AB3F-3700BB0D06FE}.Release|Any CPU.ActiveCfg = Release|Any CPU
		{19770407-5C58-406D-AB3F-3700BB0D06FE}.Release|Any CPU.Build.0 = Release|Any CPU
		{19770407-B493-459D-BB4F-04FBEFB1BA13}.Debug|Any CPU.ActiveCfg = Debug|Any CPU
		{19770407-B493-459D-BB4F-04FBEFB1BA13}.Debug|Any CPU.Build.0 = Debug|Any CPU
		{19770407-B493-459D-BB4F-04FBEFB1BA13}.Release|Any CPU.ActiveCfg = Release|Any CPU
		{19770407-B493-459D-BB4F-04FBEFB1BA13}.Release|Any CPU.Build.0 = Release|Any CPU
		{19770407-D7D8-4A37-914C-F552FF4B90D4}.Debug|Any CPU.ActiveCfg = Debug|Any CPU
		{19770407-D7D8-4A37-914C-F552FF4B90D4}.Debug|Any CPU.Build.0 = Debug|Any CPU
		{19770407-D7D8-4A37-914C-F552FF4B90D4}.Release|Any CPU.ActiveCfg = Release|Any CPU
		{19770407-D7D8-4A37-914C-F552FF4B90D4}.Release|Any CPU.Build.0 = Release|Any CPU
		{CF306116-BBF0-4CC7-AFCE-A506AC4752CB}.Debug|Any CPU.ActiveCfg = Debug|Any CPU
		{CF306116-BBF0-4CC7-AFCE-A506AC4752CB}.Debug|Any CPU.Build.0 = Debug|Any CPU
		{CF306116-BBF0-4CC7-AFCE-A506AC4752CB}.Release|Any CPU.ActiveCfg = Release|Any CPU
		{CF306116-BBF0-4CC7-AFCE-A506AC4752CB}.Release|Any CPU.Build.0 = Release|Any CPU
		{EE663736-5BAD-4CA6-A4F8-99978925AD8A}.Debug|Any CPU.ActiveCfg = Debug|Any CPU
		{EE663736-5BAD-4CA6-A4F8-99978925AD8A}.Debug|Any CPU.Build.0 = Debug|Any CPU
		{EE663736-5BAD-4CA6-A4F8-99978925AD8A}.Release|Any CPU.ActiveCfg = Release|Any CPU
		{EE663736-5BAD-4CA6-A4F8-99978925AD8A}.Release|Any CPU.Build.0 = Release|Any CPU
		{19770407-63D4-40A8-A9DF-F1C4B473308A}.Debug|Any CPU.ActiveCfg = Debug|Any CPU
		{19770407-63D4-40A8-A9DF-F1C4B473308A}.Debug|Any CPU.Build.0 = Debug|Any CPU
		{19770407-63D4-40A8-A9DF-F1C4B473308A}.Release|Any CPU.ActiveCfg = Release|Any CPU
		{19770407-63D4-40A8-A9DF-F1C4B473308A}.Release|Any CPU.Build.0 = Release|Any CPU
		{19770407-B33A-4EBE-92B8-04C93F43CAE0}.Debug|Any CPU.ActiveCfg = Debug|Any CPU
		{19770407-B33A-4EBE-92B8-04C93F43CAE0}.Debug|Any CPU.Build.0 = Debug|Any CPU
		{19770407-B33A-4EBE-92B8-04C93F43CAE0}.Release|Any CPU.ActiveCfg = Release|Any CPU
		{19770407-B33A-4EBE-92B8-04C93F43CAE0}.Release|Any CPU.Build.0 = Release|Any CPU
		{19781214-0D26-436A-A8BB-32E58357B36D}.Debug|Any CPU.ActiveCfg = Debug|Any CPU
		{19781214-0D26-436A-A8BB-32E58357B36D}.Debug|Any CPU.Build.0 = Debug|Any CPU
		{19781214-0D26-436A-A8BB-32E58357B36D}.Release|Any CPU.ActiveCfg = Debug|Any CPU
		{19781214-0D26-436A-A8BB-32E58357B36D}.Release|Any CPU.Build.0 = Debug|Any CPU
		{19781214-371F-415C-93C5-44CEAA0E9A34}.Debug|Any CPU.ActiveCfg = Debug|Any CPU
		{19781214-371F-415C-93C5-44CEAA0E9A34}.Debug|Any CPU.Build.0 = Debug|Any CPU
		{19781214-371F-415C-93C5-44CEAA0E9A34}.Release|Any CPU.ActiveCfg = Debug|Any CPU
		{19781214-371F-415C-93C5-44CEAA0E9A34}.Release|Any CPU.Build.0 = Debug|Any CPU
		{19781214-5254-464A-BC69-FAC502046564}.Debug|Any CPU.ActiveCfg = Debug|Any CPU
		{19781214-5254-464A-BC69-FAC502046564}.Debug|Any CPU.Build.0 = Debug|Any CPU
		{19781214-5254-464A-BC69-FAC502046564}.Release|Any CPU.ActiveCfg = Debug|Any CPU
		{19781214-5254-464A-BC69-FAC502046564}.Release|Any CPU.Build.0 = Debug|Any CPU
		{AECD6D57-F900-4D43-A01A-4AA3C68F39C2}.Debug|Any CPU.ActiveCfg = Debug|Any CPU
		{AECD6D57-F900-4D43-A01A-4AA3C68F39C2}.Debug|Any CPU.Build.0 = Debug|Any CPU
		{AECD6D57-F900-4D43-A01A-4AA3C68F39C2}.Release|Any CPU.ActiveCfg = Debug|Any CPU
		{AECD6D57-F900-4D43-A01A-4AA3C68F39C2}.Release|Any CPU.Build.0 = Debug|Any CPU
		{19781214-AE6D-4DCC-BA9F-12CB0C6581AE}.Debug|Any CPU.ActiveCfg = Debug|Any CPU
		{19781214-AE6D-4DCC-BA9F-12CB0C6581AE}.Debug|Any CPU.Build.0 = Debug|Any CPU
		{19781214-AE6D-4DCC-BA9F-12CB0C6581AE}.Release|Any CPU.ActiveCfg = Debug|Any CPU
		{19781214-AE6D-4DCC-BA9F-12CB0C6581AE}.Release|Any CPU.Build.0 = Debug|Any CPU
		{F24E0E80-8DDB-41D4-9F94-DCBC0CE81583}.Debug|Any CPU.ActiveCfg = Debug|Any CPU
		{F24E0E80-8DDB-41D4-9F94-DCBC0CE81583}.Debug|Any CPU.Build.0 = Debug|Any CPU
		{F24E0E80-8DDB-41D4-9F94-DCBC0CE81583}.Release|Any CPU.ActiveCfg = Debug|Any CPU
		{F24E0E80-8DDB-41D4-9F94-DCBC0CE81583}.Release|Any CPU.Build.0 = Debug|Any CPU
	EndGlobalSection
	GlobalSection(SolutionProperties) = preSolution
		HideSolutionNode = FALSE
	EndGlobalSection
	GlobalSection(ExtensibilityGlobals) = postSolution
		SolutionGuid = {10E6BD8A-AC3B-42CB-8D76-3890E770E063}
	EndGlobalSection
EndGlobal
